
Microsoft Visual Studio Solution File, Format Version 12.00
# Visual Studio Version 16
VisualStudioVersion = 16.0.30002.166
MinimumVisualStudioVersion = 10.0.40219.1
Project("{FAE04EC0-301F-11D3-BF4B-00C04F79EFBC}") = "DesktopClient", "DesktopClient\DesktopClient.csproj", "{CD72C2F1-6B9F-4C0C-BAD1-33509230AE80}"
EndProject
Project("{FAE04EC0-301F-11D3-BF4B-00C04F79EFBC}") = "GameLogic", "GameLogic\GameLogic.csproj", "{A4088DA2-F163-4414-AB08-D5135CB3AEA1}"
EndProject
Global
	GlobalSection(SolutionConfigurationPlatforms) = preSolution
		Debug|Any CPU = Debug|Any CPU
		Release|Any CPU = Release|Any CPU
	EndGlobalSection
	GlobalSection(ProjectConfigurationPlatforms) = postSolution
		{CD72C2F1-6B9F-4C0C-BAD1-33509230AE80}.Debug|Any CPU.ActiveCfg = Debug|Any CPU
		{CD72C2F1-6B9F-4C0C-BAD1-33509230AE80}.Debug|Any CPU.Build.0 = Debug|Any CPU
		{CD72C2F1-6B9F-4C0C-BAD1-33509230AE80}.Release|Any CPU.ActiveCfg = Release|Any CPU
		{CD72C2F1-6B9F-4C0C-BAD1-33509230AE80}.Release|Any CPU.Build.0 = Release|Any CPU
		{A4088DA2-F163-4414-AB08-D5135CB3AEA1}.Debug|Any CPU.ActiveCfg = Debug|Any CPU
		{A4088DA2-F163-4414-AB08-D5135CB3AEA1}.Debug|Any CPU.Build.0 = Debug|Any CPU
		{A4088DA2-F163-4414-AB08-D5135CB3AEA1}.Release|Any CPU.ActiveCfg = Release|Any CPU
		{A4088DA2-F163-4414-AB08-D5135CB3AEA1}.Release|Any CPU.Build.0 = Release|Any CPU
	EndGlobalSection
	GlobalSection(SolutionProperties) = preSolution
		HideSolutionNode = FALSE
	EndGlobalSection
	GlobalSection(ExtensibilityGlobals) = postSolution
		SolutionGuid = {1D5C8B6A-FFFF-4620-AB20-C474C158D26A}
	EndGlobalSection
EndGlobal
